// !$*UTF8*$!
{
	archiveVersion = 1;
	classes = {
	};
	objectVersion = 56;
	objects = {

/* Begin PBXBuildFile section */
		BA2EB4712AEAD0A900F20FAC /* SuccessAndLoginSwiftUIViewApp.swift in Sources */ = {isa = PBXBuildFile; fileRef = BA2EB4702AEAD0A900F20FAC /* SuccessAndLoginSwiftUIViewApp.swift */; };
		BA2EB4732AEAD0A900F20FAC /* SuccessView.swift in Sources */ = {isa = PBXBuildFile; fileRef = BA2EB4722AEAD0A900F20FAC /* SuccessView.swift */; };
		BA2EB4752AEAD0A900F20FAC /* Item.swift in Sources */ = {isa = PBXBuildFile; fileRef = BA2EB4742AEAD0A900F20FAC /* Item.swift */; };
		BA2EB4772AEAD0AC00F20FAC /* Assets.xcassets in Resources */ = {isa = PBXBuildFile; fileRef = BA2EB4762AEAD0AC00F20FAC /* Assets.xcassets */; };
		BA2EB47A2AEAD0AC00F20FAC /* Preview Assets.xcassets in Resources */ = {isa = PBXBuildFile; fileRef = BA2EB4792AEAD0AC00F20FAC /* Preview Assets.xcassets */; };
		BA2EB4812AEAD11300F20FAC /* K.swift in Sources */ = {isa = PBXBuildFile; fileRef = BA2EB4802AEAD11300F20FAC /* K.swift */; };
		BA2EB4832AEAD12100F20FAC /* LottieView.swift in Sources */ = {isa = PBXBuildFile; fileRef = BA2EB4822AEAD12100F20FAC /* LottieView.swift */; };
		BA2EB4862AEAD14900F20FAC /* Lottie in Frameworks */ = {isa = PBXBuildFile; productRef = BA2EB4852AEAD14900F20FAC /* Lottie */; };
		BA2EB4882AEAD18400F20FAC /* LoadingView.swift in Sources */ = {isa = PBXBuildFile; fileRef = BA2EB4872AEAD18400F20FAC /* LoadingView.swift */; };
		BA2EB48C2AEAD1ED00F20FAC /* loading.json in Resources */ = {isa = PBXBuildFile; fileRef = BA2EB48B2AEAD1ED00F20FAC /* loading.json */; };
		BA2EB48E2AEAD1F700F20FAC /* success.json in Resources */ = {isa = PBXBuildFile; fileRef = BA2EB48D2AEAD1F700F20FAC /* success.json */; };
/* End PBXBuildFile section */

/* Begin PBXFileReference section */
		BA2EB46D2AEAD0A900F20FAC /* SuccessAndLoginSwiftUIView.app */ = {isa = PBXFileReference; explicitFileType = wrapper.application; includeInIndex = 0; path = SuccessAndLoginSwiftUIView.app; sourceTree = BUILT_PRODUCTS_DIR; };
		BA2EB4702AEAD0A900F20FAC /* SuccessAndLoginSwiftUIViewApp.swift */ = {isa = PBXFileReference; lastKnownFileType = sourcecode.swift; path = SuccessAndLoginSwiftUIViewApp.swift; sourceTree = "<group>"; };
		BA2EB4722AEAD0A900F20FAC /* SuccessView.swift */ = {isa = PBXFileReference; lastKnownFileType = sourcecode.swift; path = SuccessView.swift; sourceTree = "<group>"; };
		BA2EB4742AEAD0A900F20FAC /* Item.swift */ = {isa = PBXFileReference; lastKnownFileType = sourcecode.swift; path = Item.swift; sourceTree = "<group>"; };
		BA2EB4762AEAD0AC00F20FAC /* Assets.xcassets */ = {isa = PBXFileReference; lastKnownFileType = folder.assetcatalog; path = Assets.xcassets; sourceTree = "<group>"; };
		BA2EB4792AEAD0AC00F20FAC /* Preview Assets.xcassets */ = {isa = PBXFileReference; lastKnownFileType = folder.assetcatalog; path = "Preview Assets.xcassets"; sourceTree = "<group>"; };
		BA2EB4802AEAD11300F20FAC /* K.swift */ = {isa = PBXFileReference; fileEncoding = 4; lastKnownFileType = sourcecode.swift; path = K.swift; sourceTree = "<group>"; };
		BA2EB4822AEAD12100F20FAC /* LottieView.swift */ = {isa = PBXFileReference; fileEncoding = 4; lastKnownFileType = sourcecode.swift; path = LottieView.swift; sourceTree = "<group>"; };
		BA2EB4872AEAD18400F20FAC /* LoadingView.swift */ = {isa = PBXFileReference; fileEncoding = 4; lastKnownFileType = sourcecode.swift; path = LoadingView.swift; sourceTree = "<group>"; };
		BA2EB48B2AEAD1ED00F20FAC /* loading.json */ = {isa = PBXFileReference; fileEncoding = 4; lastKnownFileType = text.json; path = loading.json; sourceTree = "<group>"; };
		BA2EB48D2AEAD1F700F20FAC /* success.json */ = {isa = PBXFileReference; fileEncoding = 4; lastKnownFileType = text.json; path = success.json; sourceTree = "<group>"; };
/* End PBXFileReference section */

/* Begin PBXFrameworksBuildPhase section */
		BA2EB46A2AEAD0A900F20FAC /* Frameworks */ = {
			isa = PBXFrameworksBuildPhase;
			buildActionMask = 2147483647;
			files = (
				BA2EB4862AEAD14900F20FAC /* Lottie in Frameworks */,
			);
			runOnlyForDeploymentPostprocessing = 0;
		};
/* End PBXFrameworksBuildPhase section */

/* Begin PBXGroup section */
		BA2EB4642AEAD0A900F20FAC = {
			isa = PBXGroup;
			children = (
				BA2EB46F2AEAD0A900F20FAC /* SuccessAndLoginSwiftUIView */,
				BA2EB46E2AEAD0A900F20FAC /* Products */,
			);
			sourceTree = "<group>";
		};
		BA2EB46E2AEAD0A900F20FAC /* Products */ = {
			isa = PBXGroup;
			children = (
				BA2EB46D2AEAD0A900F20FAC /* SuccessAndLoginSwiftUIView.app */,
			);
			name = Products;
			sourceTree = "<group>";
		};
		BA2EB46F2AEAD0A900F20FAC /* SuccessAndLoginSwiftUIView */ = {
			isa = PBXGroup;
			children = (
				BA2EB4702AEAD0A900F20FAC /* SuccessAndLoginSwiftUIViewApp.swift */,
				BA2EB4892AEAD19000F20FAC /* Model */,
				BA2EB48A2AEAD1BB00F20FAC /* View */,
				BA2EB4742AEAD0A900F20FAC /* Item.swift */,
				BA2EB4762AEAD0AC00F20FAC /* Assets.xcassets */,
				BA2EB4782AEAD0AC00F20FAC /* Preview Content */,
				BA2EB48B2AEAD1ED00F20FAC /* loading.json */,
				BA2EB48D2AEAD1F700F20FAC /* success.json */,
			);
			path = SuccessAndLoginSwiftUIView;
			sourceTree = "<group>";
		};
		BA2EB4782AEAD0AC00F20FAC /* Preview Content */ = {
			isa = PBXGroup;
			children = (
				BA2EB4792AEAD0AC00F20FAC /* Preview Assets.xcassets */,
			);
			path = "Preview Content";
			sourceTree = "<group>";
		};
		BA2EB4892AEAD19000F20FAC /* Model */ = {
			isa = PBXGroup;
			children = (
				BA2EB4802AEAD11300F20FAC /* K.swift */,
				BA2EB4822AEAD12100F20FAC /* LottieView.swift */,
			);
			path = Model;
			sourceTree = "<group>";
		};
		BA2EB48A2AEAD1BB00F20FAC /* View */ = {
			isa = PBXGroup;
			children = (
				BA2EB4722AEAD0A900F20FAC /* SuccessView.swift */,
				BA2EB4872AEAD18400F20FAC /* LoadingView.swift */,
			);
			path = View;
			sourceTree = "<group>";
		};
/* End PBXGroup section */

/* Begin PBXNativeTarget section */
		BA2EB46C2AEAD0A900F20FAC /* SuccessAndLoginSwiftUIView */ = {
			isa = PBXNativeTarget;
			buildConfigurationList = BA2EB47D2AEAD0AC00F20FAC /* Build configuration list for PBXNativeTarget "SuccessAndLoginSwiftUIView" */;
			buildPhases = (
				BA2EB4692AEAD0A900F20FAC /* Sources */,
				BA2EB46A2AEAD0A900F20FAC /* Frameworks */,
				BA2EB46B2AEAD0A900F20FAC /* Resources */,
			);
			buildRules = (
			);
			dependencies = (
			);
			name = SuccessAndLoginSwiftUIView;
			packageProductDependencies = (
				BA2EB4852AEAD14900F20FAC /* Lottie */,
			);
			productName = SuccessAndLoginSwiftUIView;
			productReference = BA2EB46D2AEAD0A900F20FAC /* SuccessAndLoginSwiftUIView.app */;
			productType = "com.apple.product-type.application";
		};
/* End PBXNativeTarget section */

/* Begin PBXProject section */
		BA2EB4652AEAD0A900F20FAC /* Project object */ = {
			isa = PBXProject;
			attributes = {
				BuildIndependentTargetsInParallel = 1;
				LastSwiftUpdateCheck = 1500;
				LastUpgradeCheck = 1500;
				TargetAttributes = {
					BA2EB46C2AEAD0A900F20FAC = {
						CreatedOnToolsVersion = 15.0;
					};
				};
			};
			buildConfigurationList = BA2EB4682AEAD0A900F20FAC /* Build configuration list for PBXProject "SuccessAndLoginSwiftUIView" */;
			compatibilityVersion = "Xcode 14.0";
			developmentRegion = en;
			hasScannedForEncodings = 0;
			knownRegions = (
				en,
				Base,
			);
			mainGroup = BA2EB4642AEAD0A900F20FAC;
			packageReferences = (
				BA2EB4842AEAD14900F20FAC /* XCRemoteSwiftPackageReference "lottie-ios" */,
			);
			productRefGroup = BA2EB46E2AEAD0A900F20FAC /* Products */;
			projectDirPath = "";
			projectRoot = "";
			targets = (
				BA2EB46C2AEAD0A900F20FAC /* SuccessAndLoginSwiftUIView */,
			);
		};
/* End PBXProject section */

/* Begin PBXResourcesBuildPhase section */
		BA2EB46B2AEAD0A900F20FAC /* Resources */ = {
			isa = PBXResourcesBuildPhase;
			buildActionMask = 2147483647;
			files = (
				BA2EB47A2AEAD0AC00F20FAC /* Preview Assets.xcassets in Resources */,
				BA2EB48E2AEAD1F700F20FAC /* success.json in Resources */,
				BA2EB4772AEAD0AC00F20FAC /* Assets.xcassets in Resources */,
				BA2EB48C2AEAD1ED00F20FAC /* loading.json in Resources */,
			);
			runOnlyForDeploymentPostprocessing = 0;
		};
/* End PBXResourcesBuildPhase section */

/* Begin PBXSourcesBuildPhase section */
		BA2EB4692AEAD0A900F20FAC /* Sources */ = {
			isa = PBXSourcesBuildPhase;
			buildActionMask = 2147483647;
			files = (
				BA2EB4732AEAD0A900F20FAC /* SuccessView.swift in Sources */,
				BA2EB4812AEAD11300F20FAC /* K.swift in Sources */,
				BA2EB4832AEAD12100F20FAC /* LottieView.swift in Sources */,
				BA2EB4752AEAD0A900F20FAC /* Item.swift in Sources */,
				BA2EB4712AEAD0A900F20FAC /* SuccessAndLoginSwiftUIViewApp.swift in Sources */,
				BA2EB4882AEAD18400F20FAC /* LoadingView.swift in Sources */,
			);
			runOnlyForDeploymentPostprocessing = 0;
		};
/* End PBXSourcesBuildPhase section */

/* Begin XCBuildConfiguration section */
		BA2EB47B2AEAD0AC00F20FAC /* Debug */ = {
			isa = XCBuildConfiguration;
			buildSettings = {
				ALWAYS_SEARCH_USER_PATHS = NO;
				ASSETCATALOG_COMPILER_GENERATE_SWIFT_ASSET_SYMBOL_EXTENSIONS = YES;
				CLANG_ANALYZER_NONNULL = YES;
				CLANG_ANALYZER_NUMBER_OBJECT_CONVERSION = YES_AGGRESSIVE;
				CLANG_CXX_LANGUAGE_STANDARD = "gnu++20";
				CLANG_ENABLE_MODULES = YES;
				CLANG_ENABLE_OBJC_ARC = YES;
				CLANG_ENABLE_OBJC_WEAK = YES;
				CLANG_WARN_BLOCK_CAPTURE_AUTORELEASING = YES;
				CLANG_WARN_BOOL_CONVERSION = YES;
				CLANG_WARN_COMMA = YES;
				CLANG_WARN_CONSTANT_CONVERSION = YES;
				CLANG_WARN_DEPRECATED_OBJC_IMPLEMENTATIONS = YES;
				CLANG_WARN_DIRECT_OBJC_ISA_USAGE = YES_ERROR;
				CLANG_WARN_DOCUMENTATION_COMMENTS = YES;
				CLANG_WARN_EMPTY_BODY = YES;
				CLANG_WARN_ENUM_CONVERSION = YES;
				CLANG_WARN_INFINITE_RECURSION = YES;
				CLANG_WARN_INT_CONVERSION = YES;
				CLANG_WARN_NON_LITERAL_NULL_CONVERSION = YES;
				CLANG_WARN_OBJC_IMPLICIT_RETAIN_SELF = YES;
				CLANG_WARN_OBJC_LITERAL_CONVERSION = YES;
				CLANG_WARN_OBJC_ROOT_CLASS = YES_ERROR;
				CLANG_WARN_QUOTED_INCLUDE_IN_FRAMEWORK_HEADER = YES;
				CLANG_WARN_RANGE_LOOP_ANALYSIS = YES;
				CLANG_WARN_STRICT_PROTOTYPES = YES;
				CLANG_WARN_SUSPICIOUS_MOVE = YES;
				CLANG_WARN_UNGUARDED_AVAILABILITY = YES_AGGRESSIVE;
				CLANG_WARN_UNREACHABLE_CODE = YES;
				CLANG_WARN__DUPLICATE_METHOD_MATCH = YES;
				COPY_PHASE_STRIP = NO;
				DEBUG_INFORMATION_FORMAT = dwarf;
				ENABLE_STRICT_OBJC_MSGSEND = YES;
				ENABLE_TESTABILITY = YES;
				ENABLE_USER_SCRIPT_SANDBOXING = YES;
				GCC_C_LANGUAGE_STANDARD = gnu17;
				GCC_DYNAMIC_NO_PIC = NO;
				GCC_NO_COMMON_BLOCKS = YES;
				GCC_OPTIMIZATION_LEVEL = 0;
				GCC_PREPROCESSOR_DEFINITIONS = (
					"DEBUG=1",
					"$(inherited)",
				);
				GCC_WARN_64_TO_32_BIT_CONVERSION = YES;
				GCC_WARN_ABOUT_RETURN_TYPE = YES_ERROR;
				GCC_WARN_UNDECLARED_SELECTOR = YES;
				GCC_WARN_UNINITIALIZED_AUTOS = YES_AGGRESSIVE;
				GCC_WARN_UNUSED_FUNCTION = YES;
				GCC_WARN_UNUSED_VARIABLE = YES;
				IPHONEOS_DEPLOYMENT_TARGET = 17.0;
				LOCALIZATION_PREFERS_STRING_CATALOGS = YES;
				MTL_ENABLE_DEBUG_INFO = INCLUDE_SOURCE;
				MTL_FAST_MATH = YES;
				ONLY_ACTIVE_ARCH = YES;
				SDKROOT = iphoneos;
				SWIFT_ACTIVE_COMPILATION_CONDITIONS = "DEBUG $(inherited)";
				SWIFT_OPTIMIZATION_LEVEL = "-Onone";
			};
			name = Debug;
		};
		BA2EB47C2AEAD0AC00F20FAC /* Release */ = {
			isa = XCBuildConfiguration;
			buildSettings = {
				ALWAYS_SEARCH_USER_PATHS = NO;
				ASSETCATALOG_COMPILER_GENERATE_SWIFT_ASSET_SYMBOL_EXTENSIONS = YES;
				CLANG_ANALYZER_NONNULL = YES;
				CLANG_ANALYZER_NUMBER_OBJECT_CONVERSION = YES_AGGRESSIVE;
				CLANG_CXX_LANGUAGE_STANDARD = "gnu++20";
				CLANG_ENABLE_MODULES = YES;
				CLANG_ENABLE_OBJC_ARC = YES;
				CLANG_ENABLE_OBJC_WEAK = YES;
				CLANG_WARN_BLOCK_CAPTURE_AUTORELEASING = YES;
				CLANG_WARN_BOOL_CONVERSION = YES;
				CLANG_WARN_COMMA = YES;
				CLANG_WARN_CONSTANT_CONVERSION = YES;
				CLANG_WARN_DEPRECATED_OBJC_IMPLEMENTATIONS = YES;
				CLANG_WARN_DIRECT_OBJC_ISA_USAGE = YES_ERROR;
				CLANG_WARN_DOCUMENTATION_COMMENTS = YES;
				CLANG_WARN_EMPTY_BODY = YES;
				CLANG_WARN_ENUM_CONVERSION = YES;
				CLANG_WARN_INFINITE_RECURSION = YES;
				CLANG_WARN_INT_CONVERSION = YES;
				CLANG_WARN_NON_LITERAL_NULL_CONVERSION = YES;
				CLANG_WARN_OBJC_IMPLICIT_RETAIN_SELF = YES;
				CLANG_WARN_OBJC_LITERAL_CONVERSION = YES;
				CLANG_WARN_OBJC_ROOT_CLASS = YES_ERROR;
				CLANG_WARN_QUOTED_INCLUDE_IN_FRAMEWORK_HEADER = YES;
				CLANG_WARN_RANGE_LOOP_ANALYSIS = YES;
				CLANG_WARN_STRICT_PROTOTYPES = YES;
				CLANG_WARN_SUSPICIOUS_MOVE = YES;
				CLANG_WARN_UNGUARDED_AVAILABILITY = YES_AGGRESSIVE;
				CLANG_WARN_UNREACHABLE_CODE = YES;
				CLANG_WARN__DUPLICATE_METHOD_MATCH = YES;
				COPY_PHASE_STRIP = NO;
				DEBUG_INFORMATION_FORMAT = "dwarf-with-dsym";
				ENABLE_NS_ASSERTIONS = NO;
				ENABLE_STRICT_OBJC_MSGSEND = YES;
				ENABLE_USER_SCRIPT_SANDBOXING = YES;
				GCC_C_LANGUAGE_STANDARD = gnu17;
				GCC_NO_COMMON_BLOCKS = YES;
				GCC_WARN_64_TO_32_BIT_CONVERSION = YES;
				GCC_WARN_ABOUT_RETURN_TYPE = YES_ERROR;
				GCC_WARN_UNDECLARED_SELECTOR = YES;
				GCC_WARN_UNINITIALIZED_AUTOS = YES_AGGRESSIVE;
				GCC_WARN_UNUSED_FUNCTION = YES;
				GCC_WARN_UNUSED_VARIABLE = YES;
				IPHONEOS_DEPLOYMENT_TARGET = 17.0;
				LOCALIZATION_PREFERS_STRING_CATALOGS = YES;
				MTL_ENABLE_DEBUG_INFO = NO;
				MTL_FAST_MATH = YES;
				SDKROOT = iphoneos;
				SWIFT_COMPILATION_MODE = wholemodule;
				VALIDATE_PRODUCT = YES;
			};
			name = Release;
		};
		BA2EB47E2AEAD0AC00F20FAC /* Debug */ = {
			isa = XCBuildConfiguration;
			buildSettings = {
				ASSETCATALOG_COMPILER_APPICON_NAME = AppIcon;
				ASSETCATALOG_COMPILER_GLOBAL_ACCENT_COLOR_NAME = AccentColor;
				CODE_SIGN_STYLE = Automatic;
				CURRENT_PROJECT_VERSION = 1;
				DEVELOPMENT_ASSET_PATHS = "\"SuccessAndLoginSwiftUIView/Preview Content\"";
				DEVELOPMENT_TEAM = 29XK6765HS;
				ENABLE_PREVIEWS = YES;
				GENERATE_INFOPLIST_FILE = YES;
				INFOPLIST_KEY_UIApplicationSceneManifest_Generation = YES;
				INFOPLIST_KEY_UIApplicationSupportsIndirectInputEvents = YES;
				INFOPLIST_KEY_UILaunchScreen_Generation = YES;
				INFOPLIST_KEY_UISupportedInterfaceOrientations_iPad = "UIInterfaceOrientationPortrait UIInterfaceOrientationPortraitUpsideDown UIInterfaceOrientationLandscapeLeft UIInterfaceOrientationLandscapeRight";
				INFOPLIST_KEY_UISupportedInterfaceOrientations_iPhone = "UIInterfaceOrientationPortrait UIInterfaceOrientationLandscapeLeft UIInterfaceOrientationLandscapeRight";
				LD_RUNPATH_SEARCH_PATHS = (
					"$(inherited)",
					"@executable_path/Frameworks",
				);
				MARKETING_VERSION = 1.0;
				PRODUCT_BUNDLE_IDENTIFIER = com.hodayaR.SuccessAndLoginSwiftUIView;
				PRODUCT_NAME = "$(TARGET_NAME)";
				SWIFT_EMIT_LOC_STRINGS = YES;
				SWIFT_VERSION = 5.0;
				TARGETED_DEVICE_FAMILY = "1,2";
			};
			name = Debug;
		};
		BA2EB47F2AEAD0AC00F20FAC /* Release */ = {
			isa = XCBuildConfiguration;
			buildSettings = {
				ASSETCATALOG_COMPILER_APPICON_NAME = AppIcon;
				ASSETCATALOG_COMPILER_GLOBAL_ACCENT_COLOR_NAME = AccentColor;
				CODE_SIGN_STYLE = Automatic;
				CURRENT_PROJECT_VERSION = 1;
				DEVELOPMENT_ASSET_PATHS = "\"SuccessAndLoginSwiftUIView/Preview Content\"";
				DEVELOPMENT_TEAM = 29XK6765HS;
				ENABLE_PREVIEWS = YES;
				GENERATE_INFOPLIST_FILE = YES;
				INFOPLIST_KEY_UIApplicationSceneManifest_Generation = YES;
				INFOPLIST_KEY_UIApplicationSupportsIndirectInputEvents = YES;
				INFOPLIST_KEY_UILaunchScreen_Generation = YES;
				INFOPLIST_KEY_UISupportedInterfaceOrientations_iPad = "UIInterfaceOrientationPortrait UIInterfaceOrientationPortraitUpsideDown UIInterfaceOrientationLandscapeLeft UIInterfaceOrientationLandscapeRight";
				INFOPLIST_KEY_UISupportedInterfaceOrientations_iPhone = "UIInterfaceOrientationPortrait UIInterfaceOrientationLandscapeLeft UIInterfaceOrientationLandscapeRight";
				LD_RUNPATH_SEARCH_PATHS = (
					"$(inherited)",
					"@executable_path/Frameworks",
				);
				MARKETING_VERSION = 1.0;
				PRODUCT_BUNDLE_IDENTIFIER = com.hodayaR.SuccessAndLoginSwiftUIView;
				PRODUCT_NAME = "$(TARGET_NAME)";
				SWIFT_EMIT_LOC_STRINGS = YES;
				SWIFT_VERSION = 5.0;
				TARGETED_DEVICE_FAMILY = "1,2";
			};
			name = Release;
		};
/* End XCBuildConfiguration section */

/* Begin XCConfigurationList section */
		BA2EB4682AEAD0A900F20FAC /* Build configuration list for PBXProject "SuccessAndLoginSwiftUIView" */ = {
			isa = XCConfigurationList;
			buildConfigurations = (
				BA2EB47B2AEAD0AC00F20FAC /* Debug */,
				BA2EB47C2AEAD0AC00F20FAC /* Release */,
			);
			defaultConfigurationIsVisible = 0;
			defaultConfigurationName = Release;
		};
		BA2EB47D2AEAD0AC00F20FAC /* Build configuration list for PBXNativeTarget "SuccessAndLoginSwiftUIView" */ = {
			isa = XCConfigurationList;
			buildConfigurations = (
				BA2EB47E2AEAD0AC00F20FAC /* Debug */,
				BA2EB47F2AEAD0AC00F20FAC /* Release */,
			);
			defaultConfigurationIsVisible = 0;
			defaultConfigurationName = Release;
		};
/* End XCConfigurationList section */

/* Begin XCRemoteSwiftPackageReference section */
		BA2EB4842AEAD14900F20FAC /* XCRemoteSwiftPackageReference "lottie-ios" */ = {
			isa = XCRemoteSwiftPackageReference;
			repositoryURL = "https://github.com/airbnb/lottie-ios.git";
			requirement = {
				kind = upToNextMajorVersion;
				minimumVersion = 4.3.3;
			};
		};
/* End XCRemoteSwiftPackageReference section */

/* Begin XCSwiftPackageProductDependency section */
		BA2EB4852AEAD14900F20FAC /* Lottie */ = {
			isa = XCSwiftPackageProductDependency;
			package = BA2EB4842AEAD14900F20FAC /* XCRemoteSwiftPackageReference "lottie-ios" */;
			productName = Lottie;
		};
/* End XCSwiftPackageProductDependency section */
	};
	rootObject = BA2EB4652AEAD0A900F20FAC /* Project object */;
}
